
Microsoft Visual Studio Solution File, Format Version 12.00
# Visual Studio 15
VisualStudioVersion = 15.0.27130.2010
MinimumVisualStudioVersion = 10.0.40219.1
Project("{8BC9CEB8-8B4A-11D0-8D11-00A0C91BC942}") = "crafting_interpreters", "crafting_interpreters\crafting_interpreters.vcxproj", "{CD37419F-DC22-474A-B537-15225CBAF9A8}"
EndProject
Project("{8BC9CEB8-8B4A-11D0-8D11-00A0C91BC942}") = "tools", "..\tools\tools\tools.vcxproj", "{B03424B1-7AEC-4AAA-95CB-6BBF79B9398A}"
EndProject
Global
	GlobalSection(SolutionConfigurationPlatforms) = preSolution
		Debug|x64 = Debug|x64
		Debug|x86 = Debug|x86
		Release|x64 = Release|x64
		Release|x86 = Release|x86
	EndGlobalSection
	GlobalSection(ProjectConfigurationPlatforms) = postSolution
		{CD37419F-DC22-474A-B537-15225CBAF9A8}.Debug|x64.ActiveCfg = Debug|x64
		{CD37419F-DC22-474A-B537-15225CBAF9A8}.Debug|x64.Build.0 = Debug|x64
		{CD37419F-DC22-474A-B537-15225CBAF9A8}.Debug|x86.ActiveCfg = Debug|Win32
		{CD37419F-DC22-474A-B537-15225CBAF9A8}.Debug|x86.Build.0 = Debug|Win32
		{CD37419F-DC22-474A-B537-15225CBAF9A8}.Release|x64.ActiveCfg = Release|x64
		{CD37419F-DC22-474A-B537-15225CBAF9A8}.Release|x64.Build.0 = Release|x64
		{CD37419F-DC22-474A-B537-15225CBAF9A8}.Release|x86.ActiveCfg = Release|Win32
		{CD37419F-DC22-474A-B537-15225CBAF9A8}.Release|x86.Build.0 = Release|Win32
		{B03424B1-7AEC-4AAA-95CB-6BBF79B9398A}.Debug|x64.ActiveCfg = Debug|x64
		{B03424B1-7AEC-4AAA-95CB-6BBF79B9398A}.Debug|x64.Build.0 = Debug|x64
		{B03424B1-7AEC-4AAA-95CB-6BBF79B9398A}.Debug|x86.ActiveCfg = Debug|Win32
		{B03424B1-7AEC-4AAA-95CB-6BBF79B9398A}.Debug|x86.Build.0 = Debug|Win32
		{B03424B1-7AEC-4AAA-95CB-6BBF79B9398A}.Release|x64.ActiveCfg = Release|x64
		{B03424B1-7AEC-4AAA-95CB-6BBF79B9398A}.Release|x64.Build.0 = Release|x64
		{B03424B1-7AEC-4AAA-95CB-6BBF79B9398A}.Release|x86.ActiveCfg = Release|Win32
		{B03424B1-7AEC-4AAA-95CB-6BBF79B9398A}.Release|x86.Build.0 = Release|Win32
	EndGlobalSection
	GlobalSection(SolutionProperties) = preSolution
		HideSolutionNode = FALSE
	EndGlobalSection
	GlobalSection(ExtensibilityGlobals) = postSolution
		SolutionGuid = {A2679134-BBB6-48EF-8807-8A00D35DBF2A}
	EndGlobalSection
EndGlobal
